
Microsoft Visual Studio Solution File, Format Version 12.00
# Visual Studio Version 18
VisualStudioVersion = 18.4.11620.152 stable
MinimumVisualStudioVersion = 10.0.40219.1
Project("{FAE04EC0-301F-11D3-BF4B-00C04F79EFBC}") = "BuddyScript.Backend", "BuddyScript.Backend.csproj", "{AA113E1C-DEE3-6D75-BB52-E9A41DEF70B4}"
EndProject
Global
	GlobalSection(SolutionConfigurationPlatforms) = preSolution
		Debug|Any CPU = Debug|Any CPU
		Release|Any CPU = Release|Any CPU
	EndGlobalSection
	GlobalSection(ProjectConfigurationPlatforms) = postSolution
		{AA113E1C-DEE3-6D75-BB52-E9A41DEF70B4}.Debug|Any CPU.ActiveCfg = Debug|Any CPU
		{AA113E1C-DEE3-6D75-BB52-E9A41DEF70B4}.Debug|Any CPU.Build.0 = Debug|Any CPU
		{AA113E1C-DEE3-6D75-BB52-E9A41DEF70B4}.Release|Any CPU.ActiveCfg = Release|Any CPU
		{AA113E1C-DEE3-6D75-BB52-E9A41DEF70B4}.Release|Any CPU.Build.0 = Release|Any CPU
	EndGlobalSection
	GlobalSection(SolutionProperties) = preSolution
		HideSolutionNode = FALSE
	EndGlobalSection
	GlobalSection(ExtensibilityGlobals) = postSolution
		SolutionGuid = {2A84D0AF-5BA0-4DB3-810E-22A0B94F8075}
	EndGlobalSection
EndGlobal
